
Microsoft Visual Studio Solution File, Format Version 12.00
# Visual Studio 2012
Project("{FAE04EC0-301F-11D3-BF4B-00C04F79EFBC}") = "ProjectTracker", "ProjectTracker\ProjectTracker.csproj", "{343A112D-C8C1-457B-9BE3-7123B7C56A52}"
EndProject
Global
	GlobalSection(SolutionConfigurationPlatforms) = preSolution
		Debug|Any CPU = Debug|Any CPU
		Release|Any CPU = Release|Any CPU
	EndGlobalSection
	GlobalSection(ProjectConfigurationPlatforms) = postSolution
		{343A112D-C8C1-457B-9BE3-7123B7C56A52}.Debug|Any CPU.ActiveCfg = Debug|Any CPU
		{343A112D-C8C1-457B-9BE3-7123B7C56A52}.Debug|Any CPU.Build.0 = Debug|Any CPU
		{343A112D-C8C1-457B-9BE3-7123B7C56A52}.Release|Any CPU.ActiveCfg = Release|Any CPU
		{343A112D-C8C1-457B-9BE3-7123B7C56A52}.Release|Any CPU.Build.0 = Release|Any CPU
	EndGlobalSection
EndGlobal
